
Microsoft Visual Studio Solution File, Format Version 11.00
# Visual Studio 2010
Project("{FAE04EC0-301F-11D3-BF4B-00C04F79EFBC}") = "1-konzole-vypis", "1-konzole-vypis\1-konzole-vypis.csproj", "{47768EC2-67E8-4C40-97B3-A4EF867E5E22}"
EndProject
Global
	GlobalSection(SolutionConfigurationPlatforms) = preSolution
		Debug|x86 = Debug|x86
		Release|x86 = Release|x86
	EndGlobalSection
	GlobalSection(ProjectConfigurationPlatforms) = postSolution
		{47768EC2-67E8-4C40-97B3-A4EF867E5E22}.Debug|x86.ActiveCfg = Debug|x86
		{47768EC2-67E8-4C40-97B3-A4EF867E5E22}.Debug|x86.Build.0 = Debug|x86
		{47768EC2-67E8-4C40-97B3-A4EF867E5E22}.Release|x86.ActiveCfg = Release|x86
		{47768EC2-67E8-4C40-97B3-A4EF867E5E22}.Release|x86.Build.0 = Release|x86
	EndGlobalSection
	GlobalSection(SolutionProperties) = preSolution
		HideSolutionNode = FALSE
	EndGlobalSection
EndGlobal
